Microsoft Visual Studio Solution File, Format Version 11.00
# Visual Studio 2008

Project("{FE2E3A2A-3C42-9E70-5058-321848C33B7A}") = "AlphaECS", "Assembly-CSharp-firstpass.csproj", "{3E535D02-E38D-E6C9-E363-1AD338D691A6}"
EndProject
Project("{FE2E3A2A-3C42-9E70-5058-321848C33B7A}") = "AlphaECS", "Assembly-CSharp.csproj", "{880C1ED3-430A-2441-2768-C74EB924D833}"
EndProject
Project("{FE2E3A2A-3C42-9E70-5058-321848C33B7A}") = "AlphaECS", "Assembly-CSharp-Editor.csproj", "{909126B5-DAE1-CC85-9CFF-CC353D82E7ED}"
EndProject
Global
	GlobalSection(SolutionConfigurationPlatforms) = preSolution
		Debug|Any CPU = Debug|Any CPU
		Release|Any CPU = Release|Any CPU
	EndGlobalSection
	GlobalSection(ProjectConfigurationPlatforms) = postSolution
		{3E535D02-E38D-E6C9-E363-1AD338D691A6}.Debug|Any CPU.ActiveCfg = Debug|Any CPU
		{3E535D02-E38D-E6C9-E363-1AD338D691A6}.Debug|Any CPU.Build.0 = Debug|Any CPU
		{3E535D02-E38D-E6C9-E363-1AD338D691A6}.Release|Any CPU.ActiveCfg = Release|Any CPU
		{3E535D02-E38D-E6C9-E363-1AD338D691A6}.Release|Any CPU.Build.0 = Release|Any CPU
		{880C1ED3-430A-2441-2768-C74EB924D833}.Debug|Any CPU.ActiveCfg = Debug|Any CPU
		{880C1ED3-430A-2441-2768-C74EB924D833}.Debug|Any CPU.Build.0 = Debug|Any CPU
		{880C1ED3-430A-2441-2768-C74EB924D833}.Release|Any CPU.ActiveCfg = Release|Any CPU
		{880C1ED3-430A-2441-2768-C74EB924D833}.Release|Any CPU.Build.0 = Release|Any CPU
		{909126B5-DAE1-CC85-9CFF-CC353D82E7ED}.Debug|Any CPU.ActiveCfg = Debug|Any CPU
		{909126B5-DAE1-CC85-9CFF-CC353D82E7ED}.Debug|Any CPU.Build.0 = Debug|Any CPU
		{909126B5-DAE1-CC85-9CFF-CC353D82E7ED}.Release|Any CPU.ActiveCfg = Release|Any CPU
		{909126B5-DAE1-CC85-9CFF-CC353D82E7ED}.Release|Any CPU.Build.0 = Release|Any CPU
	EndGlobalSection
	GlobalSection(SolutionProperties) = preSolution
		HideSolutionNode = FALSE
	EndGlobalSection
	GlobalSection(MonoDevelopProperties) = preSolution
		StartupItem = Assembly-CSharp.csproj
	EndGlobalSection
EndGlobal
